
Microsoft Visual Studio Solution File, Format Version 12.00
# Visual Studio Version 17
VisualStudioVersion = 17.4.32804.182
MinimumVisualStudioVersion = 10.0.40219.1
Project("{FAE04EC0-301F-11D3-BF4B-00C04F79EFBC}") = "AspNetCoreBackgroundService", "AspNetCoreBackgroundService\AspNetCoreBackgroundService.csproj", "{26F69D82-4339-4856-94F8-BE59C2505903}"
EndProject
Global
	GlobalSection(SolutionConfigurationPlatforms) = preSolution
		Debug|Any CPU = Debug|Any CPU
		Release|Any CPU = Release|Any CPU
	EndGlobalSection
	GlobalSection(ProjectConfigurationPlatforms) = postSolution
		{26F69D82-4339-4856-94F8-BE59C2505903}.Debug|Any CPU.ActiveCfg = Debug|Any CPU
		{26F69D82-4339-4856-94F8-BE59C2505903}.Debug|Any CPU.Build.0 = Debug|Any CPU
		{26F69D82-4339-4856-94F8-BE59C2505903}.Release|Any CPU.ActiveCfg = Release|Any CPU
		{26F69D82-4339-4856-94F8-BE59C2505903}.Release|Any CPU.Build.0 = Release|Any CPU
	EndGlobalSection
	GlobalSection(SolutionProperties) = preSolution
		HideSolutionNode = FALSE
	EndGlobalSection
	GlobalSection(ExtensibilityGlobals) = postSolution
		SolutionGuid = {D7F3B04F-F8E9-4F11-B6B6-30DDAF4E4CF3}
	EndGlobalSection
EndGlobal
